
Microsoft Visual Studio Solution File, Format Version 12.00
# Visual Studio 15
VisualStudioVersion = 15.0.28307.572
MinimumVisualStudioVersion = 10.0.40219.1
Project("{FAE04EC0-301F-11D3-BF4B-00C04F79EFBC}") = "ImageProcess", "ImageProcess\ImageProcess.csproj", "{C8E6CA5D-7757-412F-BF72-CF2F7AD84730}"
EndProject
Global
	GlobalSection(SolutionConfigurationPlatforms) = preSolution
		Debug|Any CPU = Debug|Any CPU
		Release|Any CPU = Release|Any CPU
	EndGlobalSection
	GlobalSection(ProjectConfigurationPlatforms) = postSolution
		{C8E6CA5D-7757-412F-BF72-CF2F7AD84730}.Debug|Any CPU.ActiveCfg = Debug|Any CPU
		{C8E6CA5D-7757-412F-BF72-CF2F7AD84730}.Debug|Any CPU.Build.0 = Debug|Any CPU
		{C8E6CA5D-7757-412F-BF72-CF2F7AD84730}.Release|Any CPU.ActiveCfg = Release|Any CPU
		{C8E6CA5D-7757-412F-BF72-CF2F7AD84730}.Release|Any CPU.Build.0 = Release|Any CPU
	EndGlobalSection
	GlobalSection(SolutionProperties) = preSolution
		HideSolutionNode = FALSE
	EndGlobalSection
	GlobalSection(ExtensibilityGlobals) = postSolution
		SolutionGuid = {F4675D11-A5D7-4F60-AE57-3CE898026FC5}
	EndGlobalSection
EndGlobal
